
Microsoft Visual Studio Solution File, Format Version 12.00
# Visual Studio Version 17
VisualStudioVersion = 17.3.32825.248
MinimumVisualStudioVersion = 10.0.40219.1
Project("{FAE04EC0-301F-11D3-BF4B-00C04F79EFBC}") = "reproductorMultimedia", "reproductorMultimedia\reproductorMultimedia.csproj", "{1AAF8518-CC71-4F37-9A81-225B1265CA48}"
EndProject
Global
	GlobalSection(SolutionConfigurationPlatforms) = preSolution
		Debug|Any CPU = Debug|Any CPU
		Release|Any CPU = Release|Any CPU
	EndGlobalSection
	GlobalSection(ProjectConfigurationPlatforms) = postSolution
		{1AAF8518-CC71-4F37-9A81-225B1265CA48}.Debug|Any CPU.ActiveCfg = Debug|Any CPU
		{1AAF8518-CC71-4F37-9A81-225B1265CA48}.Debug|Any CPU.Build.0 = Debug|Any CPU
		{1AAF8518-CC71-4F37-9A81-225B1265CA48}.Release|Any CPU.ActiveCfg = Release|Any CPU
		{1AAF8518-CC71-4F37-9A81-225B1265CA48}.Release|Any CPU.Build.0 = Release|Any CPU
	EndGlobalSection
	GlobalSection(SolutionProperties) = preSolution
		HideSolutionNode = FALSE
	EndGlobalSection
	GlobalSection(ExtensibilityGlobals) = postSolution
		SolutionGuid = {84419C42-61F5-4581-BD0E-E075822D3EC2}
	EndGlobalSection
EndGlobal
